
Microsoft Visual Studio Solution File, Format Version 12.00
# Visual Studio Version 16
VisualStudioVersion = 16.0.29609.76
MinimumVisualStudioVersion = 10.0.40219.1
Project("{FAE04EC0-301F-11D3-BF4B-00C04F79EFBC}") = "R1App.Android", "R1App.Android\R1App.Android.csproj", "{E0550B20-88E1-4FC1-88C1-A6F979EC98AE}"
EndProject
Project("{FAE04EC0-301F-11D3-BF4B-00C04F79EFBC}") = "R1App.iOS", "R1App.iOS\R1App.iOS.csproj", "{51ADA219-CF38-4FE4-B777-03B3927D1BB1}"
EndProject
Project("{9A19103F-16F7-4668-BE54-9A1E7A4F7556}") = "R1App", "R1App\R1App.csproj", "{A9607025-D3EF-438E-8AB2-5EDDBE041A65}"
EndProject
Global
	GlobalSection(SolutionConfigurationPlatforms) = preSolution
		Debug|Any CPU = Debug|Any CPU
		Debug|iPhone = Debug|iPhone
		Debug|iPhoneSimulator = Debug|iPhoneSimulator
		Release|Any CPU = Release|Any CPU
		Release|iPhone = Release|iPhone
		Release|iPhoneSimulator = Release|iPhoneSimulator
	EndGlobalSection
	GlobalSection(ProjectConfigurationPlatforms) = postSolution
		{E0550B20-88E1-4FC1-88C1-A6F979EC98AE}.Debug|Any CPU.ActiveCfg = Debug|Any CPU
		{E0550B20-88E1-4FC1-88C1-A6F979EC98AE}.Debug|Any CPU.Build.0 = Debug|Any CPU
		{E0550B20-88E1-4FC1-88C1-A6F979EC98AE}.Debug|Any CPU.Deploy.0 = Debug|Any CPU
		{E0550B20-88E1-4FC1-88C1-A6F979EC98AE}.Debug|iPhone.ActiveCfg = Debug|Any CPU
		{E0550B20-88E1-4FC1-88C1-A6F979EC98AE}.Debug|iPhone.Build.0 = Debug|Any CPU
		{E0550B20-88E1-4FC1-88C1-A6F979EC98AE}.Debug|iPhone.Deploy.0 = Debug|Any CPU
		{E0550B20-88E1-4FC1-88C1-A6F979EC98AE}.Debug|iPhoneSimulator.ActiveCfg = Debug|Any CPU
		{E0550B20-88E1-4FC1-88C1-A6F979EC98AE}.Debug|iPhoneSimulator.Build.0 = Debug|Any CPU
		{E0550B20-88E1-4FC1-88C1-A6F979EC98AE}.Debug|iPhoneSimulator.Deploy.0 = Debug|Any CPU
		{E0550B20-88E1-4FC1-88C1-A6F979EC98AE}.Release|Any CPU.ActiveCfg = Release|Any CPU
		{E0550B20-88E1-4FC1-88C1-A6F979EC98AE}.Release|Any CPU.Build.0 = Release|Any CPU
		{E0550B20-88E1-4FC1-88C1-A6F979EC98AE}.Release|Any CPU.Deploy.0 = Release|Any CPU
		{E0550B20-88E1-4FC1-88C1-A6F979EC98AE}.Release|iPhone.ActiveCfg = Release|Any CPU
		{E0550B20-88E1-4FC1-88C1-A6F979EC98AE}.Release|iPhone.Build.0 = Release|Any CPU
		{E0550B20-88E1-4FC1-88C1-A6F979EC98AE}.Release|iPhone.Deploy.0 = Release|Any CPU
		{E0550B20-88E1-4FC1-88C1-A6F979EC98AE}.Release|iPhoneSimulator.ActiveCfg = Release|Any CPU
		{E0550B20-88E1-4FC1-88C1-A6F979EC98AE}.Release|iPhoneSimulator.Build.0 = Release|Any CPU
		{E0550B20-88E1-4FC1-88C1-A6F979EC98AE}.Release|iPhoneSimulator.Deploy.0 = Release|Any CPU
		{51ADA219-CF38-4FE4-B777-03B3927D1BB1}.Debug|Any CPU.ActiveCfg = Debug|iPhoneSimulator
		{51ADA219-CF38-4FE4-B777-03B3927D1BB1}.Debug|Any CPU.Build.0 = Debug|iPhoneSimulator
		{51ADA219-CF38-4FE4-B777-03B3927D1BB1}.Debug|Any CPU.Deploy.0 = Debug|iPhoneSimulator
		{51ADA219-CF38-4FE4-B777-03B3927D1BB1}.Debug|iPhone.ActiveCfg = Debug|iPhone
		{51ADA219-CF38-4FE4-B777-03B3927D1BB1}.Debug|iPhone.Build.0 = Debug|iPhone
		{51ADA219-CF38-4FE4-B777-03B3927D1BB1}.Debug|iPhone.Deploy.0 = Debug|iPhone
		{51ADA219-CF38-4FE4-B777-03B3927D1BB1}.Debug|iPhoneSimulator.ActiveCfg = Debug|iPhoneSimulator
		{51ADA219-CF38-4FE4-B777-03B3927D1BB1}.Debug|iPhoneSimulator.Build.0 = Debug|iPhoneSimulator
		{51ADA219-CF38-4FE4-B777-03B3927D1BB1}.Debug|iPhoneSimulator.Deploy.0 = Debug|iPhoneSimulator
		{51ADA219-CF38-4FE4-B777-03B3927D1BB1}.Release|Any CPU.ActiveCfg = Release|iPhone
		{51ADA219-CF38-4FE4-B777-03B3927D1BB1}.Release|Any CPU.Build.0 = Release|iPhone
		{51ADA219-CF38-4FE4-B777-03B3927D1BB1}.Release|Any CPU.Deploy.0 = Release|iPhone
		{51ADA219-CF38-4FE4-B777-03B3927D1BB1}.Release|iPhone.ActiveCfg = Release|iPhone
		{51ADA219-CF38-4FE4-B777-03B3927D1BB1}.Release|iPhone.Build.0 = Release|iPhone
		{51ADA219-CF38-4FE4-B777-03B3927D1BB1}.Release|iPhone.Deploy.0 = Release|iPhone
		{51ADA219-CF38-4FE4-B777-03B3927D1BB1}.Release|iPhoneSimulator.ActiveCfg = Release|iPhoneSimulator
		{51ADA219-CF38-4FE4-B777-03B3927D1BB1}.Release|iPhoneSimulator.Build.0 = Release|iPhoneSimulator
		{51ADA219-CF38-4FE4-B777-03B3927D1BB1}.Release|iPhoneSimulator.Deploy.0 = Release|iPhoneSimulator
		{A9607025-D3EF-438E-8AB2-5EDDBE041A65}.Debug|Any CPU.ActiveCfg = Debug|Any CPU
		{A9607025-D3EF-438E-8AB2-5EDDBE041A65}.Debug|Any CPU.Build.0 = Debug|Any CPU
		{A9607025-D3EF-438E-8AB2-5EDDBE041A65}.Debug|Any CPU.Deploy.0 = Debug|Any CPU
		{A9607025-D3EF-438E-8AB2-5EDDBE041A65}.Debug|iPhone.ActiveCfg = Debug|Any CPU
		{A9607025-D3EF-438E-8AB2-5EDDBE041A65}.Debug|iPhone.Build.0 = Debug|Any CPU
		{A9607025-D3EF-438E-8AB2-5EDDBE041A65}.Debug|iPhone.Deploy.0 = Debug|Any CPU
		{A9607025-D3EF-438E-8AB2-5EDDBE041A65}.Debug|iPhoneSimulator.ActiveCfg = Debug|Any CPU
		{A9607025-D3EF-438E-8AB2-5EDDBE041A65}.Debug|iPhoneSimulator.Build.0 = Debug|Any CPU
		{A9607025-D3EF-438E-8AB2-5EDDBE041A65}.Debug|iPhoneSimulator.Deploy.0 = Debug|Any CPU
		{A9607025-D3EF-438E-8AB2-5EDDBE041A65}.Release|Any CPU.ActiveCfg = Release|Any CPU
		{A9607025-D3EF-438E-8AB2-5EDDBE041A65}.Release|Any CPU.Build.0 = Release|Any CPU
		{A9607025-D3EF-438E-8AB2-5EDDBE041A65}.Release|Any CPU.Deploy.0 = Release|Any CPU
		{A9607025-D3EF-438E-8AB2-5EDDBE041A65}.Release|iPhone.ActiveCfg = Release|Any CPU
		{A9607025-D3EF-438E-8AB2-5EDDBE041A65}.Release|iPhone.Build.0 = Release|Any CPU
		{A9607025-D3EF-438E-8AB2-5EDDBE041A65}.Release|iPhone.Deploy.0 = Release|Any CPU
		{A9607025-D3EF-438E-8AB2-5EDDBE041A65}.Release|iPhoneSimulator.ActiveCfg = Release|Any CPU
		{A9607025-D3EF-438E-8AB2-5EDDBE041A65}.Release|iPhoneSimulator.Build.0 = Release|Any CPU
		{A9607025-D3EF-438E-8AB2-5EDDBE041A65}.Release|iPhoneSimulator.Deploy.0 = Release|Any CPU
	EndGlobalSection
	GlobalSection(SolutionProperties) = preSolution
		HideSolutionNode = FALSE
	EndGlobalSection
	GlobalSection(ExtensibilityGlobals) = postSolution
		SolutionGuid = {6BB6E9C8-E1A4-4047-A66A-0418EED2BC6D}
	EndGlobalSection
EndGlobal
